# This file was autogenerated by Stack.
# You should not edit this file by hand.
# For more information, please see the documentation at:
#   https://docs.haskellstack.org/en/stable/lock_files

packages:
- completed:
    hackage: servant-0.18.3@sha256:0fbf8f9274bdfda6a778d6d7ec714c9f0abd17102af9bc002a93fe3ed284e8ca,5309
    pantry-tree:
      size: 2662
      sha256: 206f6289793fc25e4708e454ebb3e478710e8634017a47f05cff41a20b50a08b
  original:
    hackage: servant-0.18.3@sha256:0fbf8f9274bdfda6a778d6d7ec714c9f0abd17102af9bc002a93fe3ed284e8ca,5309
- completed:
    hackage: servant-client-core-0.18.3@sha256:db2551c94cc17bef7682602082d6a16e79593cfc939f2d696d4ccee21b2b2091,3649
    pantry-tree:
      size: 1444
      sha256: cc2087f25bde5bbb6174320ef499366a7005ac646ba0256225a0758bec91a3cd
  original:
    hackage: servant-client-core-0.18.3
- completed:
    hackage: servant-client-0.18.3@sha256:570145df5209b245a141eec6841fbca6785cd88e073e85eecbeff4438ca34784,4602
    pantry-tree:
      size: 1300
      sha256: 4f3a9dd501ea02289559f8c49df88fb00a2f34ac225c2d9ae1df5970bf8ce4db
  original:
    hackage: servant-client-0.18.3
- completed:
    hackage: servant-server-0.18.3@sha256:8040e38682d936a2c87ad2a787cc65b3bad18c87e9f773cf7bcfc12ce76af96e,5508
    pantry-tree:
      size: 2614
      sha256: 972459941ab4e8f83a44fce6172b61e9126727cb5bdad5d4d21c28907128917a
  original:
    hackage: servant-server-0.18.3
snapshots:
- completed:
    size: 534126
    url: https://raw.githubusercontent.com/commercialhaskell/stackage-snapshots/master/lts/16/31.yaml
    sha256: 637fb77049b25560622a224845b7acfe81a09fdb6a96a3c75997a10b651667f6
  original:
    url: https://raw.githubusercontent.com/commercialhaskell/stackage-snapshots/master/lts/16/31.yaml
